<?xml version="1.0" encoding="Windows-1252"?>
<Project ToolsVersion="12.0" xmlns="http://schemas.microsoft.com/developer/msbuild/2003">
  <ItemGroup>
    <ClCompile Include="..\src\blending_lib\controller.cpp">
      <Filter>blending_lib</Filter>
    </ClCompile>
    <ClCompile Include="..\src\blending_lib\controller_tools.cpp">
      <Filter>blending_lib</Filter>
    </ClCompile>
    <ClCompile Include="..\src\blending_lib\generator.cpp">
      <Filter>blending_lib</Filter>
    </ClCompile>
    <ClCompile Include="..\src\blending_lib\opening.cpp">
      <Filter>blending_lib</Filter>
    </ClCompile>
    <ClCompile Include="..\src\blending_lib\operators.cpp">
      <Filter>blending_lib</Filter>
    </ClCompile>
    <ClCompile Include="..\src\blending_lib\structs.cpp">
      <Filter>blending_lib</Filter>
    </ClCompile>
    <ClCompile Include="..\src\global_datas\globals.cpp">
      <Filter>global_datas</Filter>
    </ClCompile>
    <ClCompile Include="..\src\implicit_graphs\tree.cpp">
      <Filter>implicit_graphs</Filter>
    </ClCompile>
    <ClCompile Include="..\src\implicit_graphs\tree_cu.cpp">
      <Filter>implicit_graphs</Filter>
    </ClCompile>
    <ClCompile Include="..\src\implicit_graphs\grid.cpp">
      <Filter>implicit_graphs</Filter>
    </ClCompile>
    <ClCompile Include="..\src\meshes\mesh.cpp">
      <Filter>meshes</Filter>
    </ClCompile>
    <ClCompile Include="..\src\meshes\vcg_lib\utils_sampling.cpp">
      <Filter>meshes\vcg_lib</Filter>
    </ClCompile>
    <ClCompile Include="..\src\meshes\vcg_lib\vcg_mesh.cpp">
      <Filter>meshes\vcg_lib</Filter>
    </ClCompile>
    <ClCompile Include="..\src\primitives\hrbf\hrbf_wrapper.cpp">
      <Filter>primitives\hrbf</Filter>
    </ClCompile>
    <ClCompile Include="..\src\utils\timer.cpp">
      <Filter>utils</Filter>
    </ClCompile>
    <ClCompile Include="..\src\utils\cuda_utils\memory_debug.cpp">
      <Filter>utils\cuda_utils</Filter>
    </ClCompile>
    <ClCompile Include="..\src\maya\maya_helpers.cpp">
      <Filter>maya</Filter>
    </ClCompile>
    <ClCompile Include="..\src\maya\plugin.cpp">
      <Filter>maya</Filter>
    </ClCompile>
    <ClCompile Include="..\src\maya\Interface.cpp">
      <Filter>maya</Filter>
    </ClCompile>
    <ClCompile Include="..\src\maya\maya_data.cpp">
      <Filter>maya</Filter>
    </ClCompile>
    <ClCompile Include="..\src\meshes\loader_mesh.cpp">
      <Filter>meshes</Filter>
    </ClCompile>
    <ClCompile Include="..\src\animation\loader_skel.cpp">
      <Filter>animation</Filter>
    </ClCompile>
    <ClCompile Include="..\src\control\sample_set.cpp">
      <Filter>control</Filter>
    </ClCompile>
    <ClCompile Include="..\src\primitives\hermiteRBF.cu">
      <Filter>primitives</Filter>
    </ClCompile>
  </ItemGroup>
  <ItemGroup>
    <ClInclude Include="..\src\animation\bone.hpp">
      <Filter>animation</Filter>
    </ClInclude>
    <ClInclude Include="..\src\animation\bone_type.hpp">
      <Filter>animation</Filter>
    </ClInclude>
    <ClInclude Include="..\src\animation\joint_type.hpp">
      <Filter>animation</Filter>
    </ClInclude>
    <ClInclude Include="..\src\animation\skeleton.hpp">
      <Filter>animation</Filter>
    </ClInclude>
    <ClInclude Include="..\src\animation\animesh.hpp">
      <Filter>animation</Filter>
    </ClInclude>
    <ClInclude Include="..\src\animation\animesh_enum.hpp">
      <Filter>animation</Filter>
    </ClInclude>
    <ClInclude Include="..\src\animation\animesh_kers.hpp">
      <Filter>animation</Filter>
    </ClInclude>
    <ClInclude Include="..\src\animation\animesh_potential.hpp">
      <Filter>animation</Filter>
    </ClInclude>
    <ClInclude Include="..\include\blending_lib\controller.hpp">
      <Filter>blending_lib</Filter>
    </ClInclude>
    <ClInclude Include="..\include\blending_lib\controller_tools.hpp">
      <Filter>blending_lib</Filter>
    </ClInclude>
    <ClInclude Include="..\include\blending_lib\opening.hpp">
      <Filter>blending_lib</Filter>
    </ClInclude>
    <ClInclude Include="..\include\blending_lib\operators.hpp">
      <Filter>blending_lib</Filter>
    </ClInclude>
    <ClInclude Include="..\include\blending_lib\structs.hpp">
      <Filter>blending_lib</Filter>
    </ClInclude>
    <ClInclude Include="..\src\blending_lib\cuda_interface\n_ary_constant_interface.hpp">
      <Filter>blending_lib\cuda_interface</Filter>
    </ClInclude>
    <ClInclude Include="..\src\blending_lib\cuda_interface\operator3d_cu.hpp">
      <Filter>blending_lib\cuda_interface</Filter>
    </ClInclude>
    <ClInclude Include="..\src\blending_lib\cuda_interface\uclean.hpp">
      <Filter>blending_lib\cuda_interface</Filter>
    </ClInclude>
    <ClInclude Include="..\src\blending_lib\cuda_interface\ucommon.hpp">
      <Filter>blending_lib\cuda_interface</Filter>
    </ClInclude>
    <ClInclude Include="..\src\blending_lib\cuda_interface\ultimate.hpp">
      <Filter>blending_lib\cuda_interface</Filter>
    </ClInclude>
    <ClInclude Include="..\src\blending_lib\cuda_interface\blending_env.hpp">
      <Filter>blending_lib\cuda_interface</Filter>
    </ClInclude>
    <ClInclude Include="..\src\blending_lib\cuda_interface\blending_env_tex.hpp">
      <Filter>blending_lib\cuda_interface</Filter>
    </ClInclude>
    <ClInclude Include="..\src\blending_lib\cuda_interface\blending_env_tex_binding.hpp">
      <Filter>blending_lib\cuda_interface</Filter>
    </ClInclude>
    <ClInclude Include="..\src\blending_lib\cuda_interface\blending_env_tex_interface.hpp">
      <Filter>blending_lib\cuda_interface</Filter>
    </ClInclude>
    <ClInclude Include="..\src\blending_lib\cuda_interface\blending_env_type.hpp">
      <Filter>blending_lib\cuda_interface</Filter>
    </ClInclude>
    <ClInclude Include="..\src\blending_lib\cuda_interface\blending_functions.hpp">
      <Filter>blending_lib\cuda_interface</Filter>
    </ClInclude>
    <ClInclude Include="..\src\blending_lib\cuda_interface\constants.hpp">
      <Filter>blending_lib\cuda_interface</Filter>
    </ClInclude>
    <ClInclude Include="..\src\blending_lib\cuda_interface\constants_tex.hpp">
      <Filter>blending_lib\cuda_interface</Filter>
    </ClInclude>
    <ClInclude Include="..\src\blending_lib\cuda_interface\dyn_operators.hpp">
      <Filter>blending_lib\cuda_interface</Filter>
    </ClInclude>
    <ClInclude Include="..\src\blending_lib\cuda_interface\n_ary.hpp">
      <Filter>blending_lib\cuda_interface</Filter>
    </ClInclude>
    <ClInclude Include="..\src\containers\identifier.hpp">
      <Filter>containers</Filter>
    </ClInclude>
    <ClInclude Include="..\src\containers\idx3_cu.hpp">
      <Filter>containers</Filter>
    </ClInclude>
    <ClInclude Include="..\src\containers\grid3_cu.hpp">
      <Filter>containers</Filter>
    </ClInclude>
    <ClInclude Include="..\src\control\debug_ctrl.hpp">
      <Filter>control</Filter>
    </ClInclude>
    <ClInclude Include="..\src\control\operators_ctrl.hpp">
      <Filter>control</Filter>
    </ClInclude>
    <ClInclude Include="..\src\control\skeleton_ctrl.hpp">
      <Filter>control</Filter>
    </ClInclude>
    <ClInclude Include="..\src\control\animated_mesh_ctrl.hpp">
      <Filter>control</Filter>
    </ClInclude>
    <ClInclude Include="..\src\control\cuda_ctrl.hpp">
      <Filter>control</Filter>
    </ClInclude>
    <ClInclude Include="..\src\global_datas\globals.hpp">
      <Filter>global_datas</Filter>
    </ClInclude>
    <ClInclude Include="..\src\global_datas\macros.hpp">
      <Filter>global_datas</Filter>
    </ClInclude>
    <ClInclude Include="..\src\global_datas\ad_hoc_hand.hpp">
      <Filter>global_datas</Filter>
    </ClInclude>
    <ClInclude Include="..\src\implicit_graphs\tree.hpp">
      <Filter>implicit_graphs</Filter>
    </ClInclude>
    <ClInclude Include="..\src\implicit_graphs\tree_cu.hpp">
      <Filter>implicit_graphs</Filter>
    </ClInclude>
    <ClInclude Include="..\src\implicit_graphs\tree_cu_type.hpp">
      <Filter>implicit_graphs</Filter>
    </ClInclude>
    <ClInclude Include="..\src\implicit_graphs\tree_type.hpp">
      <Filter>implicit_graphs</Filter>
    </ClInclude>
    <ClInclude Include="..\src\implicit_graphs\bone_tex.hpp">
      <Filter>implicit_graphs</Filter>
    </ClInclude>
    <ClInclude Include="..\src\implicit_graphs\grid.hpp">
      <Filter>implicit_graphs</Filter>
    </ClInclude>
    <ClInclude Include="..\src\implicit_graphs\skeleton_env.hpp">
      <Filter>implicit_graphs</Filter>
    </ClInclude>
    <ClInclude Include="..\src\implicit_graphs\skeleton_env_evaluator.hpp">
      <Filter>implicit_graphs</Filter>
    </ClInclude>
    <ClInclude Include="..\src\implicit_graphs\skeleton_env_tex.hpp">
      <Filter>implicit_graphs</Filter>
    </ClInclude>
    <ClInclude Include="..\src\implicit_graphs\skeleton_env_tex_binding.hpp">
      <Filter>implicit_graphs</Filter>
    </ClInclude>
    <ClInclude Include="..\src\implicit_graphs\skeleton_env_type.hpp">
      <Filter>implicit_graphs</Filter>
    </ClInclude>
    <ClInclude Include="..\src\maths\transfo.hpp">
      <Filter>maths</Filter>
    </ClInclude>
    <ClInclude Include="..\src\maths\vec2_cu.hpp">
      <Filter>maths</Filter>
    </ClInclude>
    <ClInclude Include="..\src\maths\vec2i_cu.hpp">
      <Filter>maths</Filter>
    </ClInclude>
    <ClInclude Include="..\src\maths\vec3_cu.hpp">
      <Filter>maths</Filter>
    </ClInclude>
    <ClInclude Include="..\src\maths\vec3i_cu.hpp">
      <Filter>maths</Filter>
    </ClInclude>
    <ClInclude Include="..\src\maths\bbox.hpp">
      <Filter>maths</Filter>
    </ClInclude>
    <ClInclude Include="..\src\maths\cpu_transfo.hpp">
      <Filter>maths</Filter>
    </ClInclude>
    <ClInclude Include="..\src\maths\mat3_cu.hpp">
      <Filter>maths</Filter>
    </ClInclude>
    <ClInclude Include="..\src\maths\math_cu.hpp">
      <Filter>maths</Filter>
    </ClInclude>
    <ClInclude Include="..\src\maths\point_cu.hpp">
      <Filter>maths</Filter>
    </ClInclude>
    <ClInclude Include="..\src\maths\ray_cu.hpp">
      <Filter>maths</Filter>
    </ClInclude>
    <ClInclude Include="..\src\meshes\mesh.hpp">
      <Filter>meshes</Filter>
    </ClInclude>
    <ClInclude Include="..\src\meshes\vcg_lib\vcg_mesh.hpp">
      <Filter>meshes\vcg_lib</Filter>
    </ClInclude>
    <ClInclude Include="..\src\meshes\vcg_lib\utils_sampling.hpp">
      <Filter>meshes\vcg_lib</Filter>
    </ClInclude>
    <ClInclude Include="..\src\primitives\precomputed_prim.hpp">
      <Filter>primitives</Filter>
    </ClInclude>
    <ClInclude Include="..\src\primitives\distance_field.hpp">
      <Filter>primitives</Filter>
    </ClInclude>
    <ClInclude Include="..\src\primitives\hermiteRBF.hpp">
      <Filter>primitives</Filter>
    </ClInclude>
    <ClInclude Include="..\src\primitives\plane.hpp">
      <Filter>primitives</Filter>
    </ClInclude>
    <ClInclude Include="..\src\primitives\hrbf\hrbf_core.hpp">
      <Filter>primitives\hrbf</Filter>
    </ClInclude>
    <ClInclude Include="..\src\primitives\hrbf\hrbf_env.hpp">
      <Filter>primitives\hrbf</Filter>
    </ClInclude>
    <ClInclude Include="..\src\primitives\hrbf\hrbf_env_interface.hpp">
      <Filter>primitives\hrbf</Filter>
    </ClInclude>
    <ClInclude Include="..\src\primitives\hrbf\hrbf_env_tex.hpp">
      <Filter>primitives\hrbf</Filter>
    </ClInclude>
    <ClInclude Include="..\src\primitives\hrbf\hrbf_data.hpp">
      <Filter>primitives\hrbf</Filter>
    </ClInclude>
    <ClInclude Include="..\src\primitives\hrbf\hrbf_phi_funcs.hpp">
      <Filter>primitives\hrbf</Filter>
    </ClInclude>
    <ClInclude Include="..\src\primitives\hrbf\hrbf_setup.hpp">
      <Filter>primitives\hrbf</Filter>
    </ClInclude>
    <ClInclude Include="..\src\primitives\hrbf\hrbf_wrapper.hpp">
      <Filter>primitives\hrbf</Filter>
    </ClInclude>
    <ClInclude Include="..\src\primitives\hrbf\hrbf_env_tex_binding.hpp">
      <Filter>primitives\hrbf</Filter>
    </ClInclude>
    <ClInclude Include="..\src\primitives\hrbf\hrbf_kernels.hpp">
      <Filter>primitives\hrbf</Filter>
    </ClInclude>
    <ClInclude Include="..\src\primitives\precomputed_prim\precomputed_prim_env_binding.hpp">
      <Filter>primitives\precomputed_prim</Filter>
    </ClInclude>
    <ClInclude Include="..\src\primitives\precomputed_prim\precomputed_prim_kernels.hpp">
      <Filter>primitives\precomputed_prim</Filter>
    </ClInclude>
    <ClInclude Include="..\src\primitives\precomputed_prim\precomputed_prim_tex.hpp">
      <Filter>primitives\precomputed_prim</Filter>
    </ClInclude>
    <ClInclude Include="..\src\primitives\precomputed_prim\precomputed_prim_constants.hpp">
      <Filter>primitives\precomputed_prim</Filter>
    </ClInclude>
    <ClInclude Include="..\src\primitives\precomputed_prim\precomputed_prim_env.hpp">
      <Filter>primitives\precomputed_prim</Filter>
    </ClInclude>
    <ClInclude Include="..\src\utils\conversions.hpp">
      <Filter>utils</Filter>
    </ClInclude>
    <ClInclude Include="..\src\utils\quick_sort.hpp">
      <Filter>utils</Filter>
    </ClInclude>
    <ClInclude Include="..\src\utils\std_utils.hpp">
      <Filter>utils</Filter>
    </ClInclude>
    <ClInclude Include="..\src\utils\timer.hpp">
      <Filter>utils</Filter>
    </ClInclude>
    <ClInclude Include="..\src\utils\assert_utils.hpp">
      <Filter>utils</Filter>
    </ClInclude>
    <ClInclude Include="..\src\utils\class_saver.hpp">
      <Filter>utils</Filter>
    </ClInclude>
    <ClInclude Include="..\src\utils\cuda_utils\cuda_utils_common.hpp">
      <Filter>utils\cuda_utils</Filter>
    </ClInclude>
    <ClInclude Include="..\src\utils\cuda_utils\cuda_utils_device_array.hpp">
      <Filter>utils\cuda_utils</Filter>
    </ClInclude>
    <ClInclude Include="..\src\utils\cuda_utils\cuda_utils_device_elt.hpp">
      <Filter>utils\cuda_utils</Filter>
    </ClInclude>
    <ClInclude Include="..\src\utils\cuda_utils\cuda_utils_host_array.hpp">
      <Filter>utils\cuda_utils</Filter>
    </ClInclude>
    <ClInclude Include="..\src\utils\cuda_utils\cuda_utils_thrust.hpp">
      <Filter>utils\cuda_utils</Filter>
    </ClInclude>
    <ClInclude Include="..\src\utils\cuda_utils\memory_debug.hpp">
      <Filter>utils\cuda_utils</Filter>
    </ClInclude>
    <ClInclude Include="..\src\utils\cuda_utils\cuda_compiler_interop.hpp">
      <Filter>utils\cuda_utils</Filter>
    </ClInclude>
    <ClInclude Include="..\src\utils\cuda_utils\cuda_current_device.hpp">
      <Filter>utils\cuda_utils</Filter>
    </ClInclude>
    <ClInclude Include="..\src\utils\cuda_utils\cuda_utils.hpp">
      <Filter>utils\cuda_utils</Filter>
    </ClInclude>
    <ClInclude Include="..\src\rendering\cuda_main_kernels.hpp">
      <Filter>rendering</Filter>
    </ClInclude>
    <ClInclude Include="..\include\blending_lib\funcs.hpp">
      <Filter>blending_lib</Filter>
    </ClInclude>
    <ClInclude Include="..\src\blending_lib\splines.hpp">
      <Filter>blending_lib</Filter>
    </ClInclude>
    <ClInclude Include="..\src\blending_lib\generator.hpp">
      <Filter>blending_lib</Filter>
    </ClInclude>
    <ClInclude Include="..\src\maya\maya_helpers.hpp">
      <Filter>maya</Filter>
    </ClInclude>
    <ClInclude Include="..\src\maya\Interface.hpp">
      <Filter>maya</Filter>
    </ClInclude>
    <ClInclude Include="..\src\maya\maya_data.hpp">
      <Filter>maya</Filter>
    </ClInclude>
    <ClInclude Include="..\src\meshes\loader_mesh.hpp">
      <Filter>meshes</Filter>
    </ClInclude>
    <ClInclude Include="..\src\animation\loader_skel.hpp">
      <Filter>animation</Filter>
    </ClInclude>
    <ClInclude Include="..\src\control\sample_set.hpp">
      <Filter>control</Filter>
    </ClInclude>
  </ItemGroup>
  <ItemGroup>
    <Filter Include="animation">
      <UniqueIdentifier>{f656587d-1d32-4b67-9521-fe924730f005}</UniqueIdentifier>
    </Filter>
    <Filter Include="blending_lib">
      <UniqueIdentifier>{23f1ff70-b3e7-485c-8a95-5fc07371dfaf}</UniqueIdentifier>
    </Filter>
    <Filter Include="blending_lib\cuda_interface">
      <UniqueIdentifier>{bd2424cb-39b4-4b94-ae4e-2f4131d6b51b}</UniqueIdentifier>
    </Filter>
    <Filter Include="containers">
      <UniqueIdentifier>{c413524f-67c0-4e57-a0ef-e4d0bf20a93b}</UniqueIdentifier>
    </Filter>
    <Filter Include="control">
      <UniqueIdentifier>{5687b362-ffbf-4884-a75d-042058dbdac4}</UniqueIdentifier>
    </Filter>
    <Filter Include="global_datas">
      <UniqueIdentifier>{6ec3ee84-6a65-4bc3-aed1-55c54051113a}</UniqueIdentifier>
    </Filter>
    <Filter Include="implicit_graphs">
      <UniqueIdentifier>{81aa3f59-e6d6-4f24-839e-ff31abcd17d8}</UniqueIdentifier>
    </Filter>
    <Filter Include="maths">
      <UniqueIdentifier>{796042d5-b8b2-4084-ab9a-5f8030009e65}</UniqueIdentifier>
    </Filter>
    <Filter Include="meshes">
      <UniqueIdentifier>{84491330-4572-4960-9c5a-6dd308693d34}</UniqueIdentifier>
    </Filter>
    <Filter Include="meshes\vcg_lib">
      <UniqueIdentifier>{9b7e7c63-bfaa-4504-a63a-f17c5a95de0c}</UniqueIdentifier>
    </Filter>
    <Filter Include="primitives">
      <UniqueIdentifier>{584a23a4-e479-4e31-a662-d93df9198d06}</UniqueIdentifier>
    </Filter>
    <Filter Include="primitives\hrbf">
      <UniqueIdentifier>{afd8c0ea-ba1a-4c56-9928-e9aefcd90f6c}</UniqueIdentifier>
    </Filter>
    <Filter Include="primitives\precomputed_prim">
      <UniqueIdentifier>{e3573fbc-2166-4998-83ce-1ca866987da3}</UniqueIdentifier>
    </Filter>
    <Filter Include="utils">
      <UniqueIdentifier>{2d1558ff-6880-4630-ac4d-e05d492c179b}</UniqueIdentifier>
    </Filter>
    <Filter Include="utils\cuda_utils">
      <UniqueIdentifier>{f854cb69-3e0c-44a7-9dec-dd2b9632ebd3}</UniqueIdentifier>
    </Filter>
    <Filter Include="rendering">
      <UniqueIdentifier>{db5dcd05-30bb-4c33-80bb-07bdeadb7a0d}</UniqueIdentifier>
    </Filter>
    <Filter Include="maya">
      <UniqueIdentifier>{2a994f5b-9149-40e6-9670-c4d09f393ae9}</UniqueIdentifier>
    </Filter>
  </ItemGroup>
  <ItemGroup>
    <CudaCompile Include="..\src\animation\animesh.cu">
      <Filter>animation</Filter>
    </CudaCompile>
    <CudaCompile Include="..\src\animation\animesh_hrbf_heuristic.cu">
      <Filter>animation</Filter>
    </CudaCompile>
    <CudaCompile Include="..\src\animation\animesh_kers.cu">
      <Filter>animation</Filter>
    </CudaCompile>
    <CudaCompile Include="..\src\animation\animesh_projection.cu">
      <Filter>animation</Filter>
    </CudaCompile>
    <CudaCompile Include="..\src\animation\bone.cu">
      <Filter>animation</Filter>
    </CudaCompile>
    <CudaCompile Include="..\src\animation\skeleton.cu">
      <Filter>animation</Filter>
    </CudaCompile>
    <CudaCompile Include="..\src\blending_lib\cuda_interface\blending_env.cu">
      <Filter>blending_lib\cuda_interface</Filter>
    </CudaCompile>
    <CudaCompile Include="..\src\blending_lib\cuda_interface\constants.cu">
      <Filter>blending_lib\cuda_interface</Filter>
    </CudaCompile>
    <CudaCompile Include="..\src\control\animated_mesh_ctrl.cu">
      <Filter>control</Filter>
    </CudaCompile>
    <CudaCompile Include="..\src\control\cuda_ctrl.cu">
      <Filter>control</Filter>
    </CudaCompile>
    <CudaCompile Include="..\src\control\operators_ctrl.cu">
      <Filter>control</Filter>
    </CudaCompile>
    <CudaCompile Include="..\src\control\skeleton_ctrl.cu">
      <Filter>control</Filter>
    </CudaCompile>
    <CudaCompile Include="..\src\implicit_graphs\skeleton_env.cu">
      <Filter>implicit_graphs</Filter>
    </CudaCompile>
    <CudaCompile Include="..\src\primitives\distance_field.cu">
      <Filter>primitives</Filter>
    </CudaCompile>
    <CudaCompile Include="..\src\primitives\hrbf\hrbf_env.cu">
      <Filter>primitives\hrbf</Filter>
    </CudaCompile>
    <CudaCompile Include="..\src\primitives\hrbf\hrbf_kernels.cu">
      <Filter>primitives\hrbf</Filter>
    </CudaCompile>
    <CudaCompile Include="..\src\primitives\precomputed_prim\precomputed_prim_env.cu">
      <Filter>primitives\precomputed_prim</Filter>
    </CudaCompile>
    <CudaCompile Include="..\src\primitives\precomputed_prim\precomputed_prim_kernels.cu">
      <Filter>primitives\precomputed_prim</Filter>
    </CudaCompile>
    <CudaCompile Include="..\src\utils\cuda_utils\cuda_current_device.cu">
      <Filter>utils\cuda_utils</Filter>
    </CudaCompile>
    <CudaCompile Include="..\src\utils\cuda_utils\cuda_utils.cu">
      <Filter>utils\cuda_utils</Filter>
    </CudaCompile>
    <CudaCompile Include="..\src\rendering\cuda_main_kernels.cu">
      <Filter>rendering</Filter>
    </CudaCompile>
    <CudaCompile Include="..\src\primitives\precomputed_prim.cu">
      <Filter>primitives</Filter>
    </CudaCompile>
  </ItemGroup>
  <ItemGroup>
    <None Include="..\src\blending_lib\opening.inl">
      <Filter>blending_lib</Filter>
    </None>
    <None Include="..\src\blending_lib\splines.inl">
      <Filter>blending_lib</Filter>
    </None>
    <None Include="..\src\blending_lib\cuda_interface\blending_env_tex.inl">
      <Filter>blending_lib\cuda_interface</Filter>
    </None>
    <None Include="..\src\blending_lib\cuda_interface\constants_tex.inl">
      <Filter>blending_lib\cuda_interface</Filter>
    </None>
    <None Include="..\src\containers\grid3_cu.inl">
      <Filter>containers</Filter>
    </None>
    <None Include="..\src\implicit_graphs\skeleton_env_tex.inl">
      <Filter>implicit_graphs</Filter>
    </None>
    <None Include="..\src\primitives\distance_field.inl">
      <Filter>primitives</Filter>
    </None>
    <None Include="..\src\primitives\hermiteRBF.inl">
      <Filter>primitives</Filter>
    </None>
    <None Include="..\src\primitives\plane.inl">
      <Filter>primitives</Filter>
    </None>
    <None Include="..\src\primitives\precomputed_prim.inl">
      <Filter>primitives</Filter>
    </None>
    <None Include="..\src\primitives\precomputed_prim\precomputed_prim_tex.inl">
      <Filter>primitives\precomputed_prim</Filter>
    </None>
    <None Include="..\src\utils\cuda_utils\memory_debug.inl">
      <Filter>utils\cuda_utils</Filter>
    </None>
  </ItemGroup>
</Project>