<?xml version="1.0" encoding="Windows-1252"?>
<Project ToolsVersion="12.0" xmlns="http://schemas.microsoft.com/developer/msbuild/2003">
  <ItemGroup>
    <ClCompile Include="..\src\implicit_graphs\skinning\grid.cpp" />
    <ClCompile Include="..\src\implicit_graphs\skinning\tree.cpp" />
    <ClCompile Include="..\src\implicit_graphs\skinning\tree_cu.cpp" />
    <ClCompile Include="..\src\utils\cuda_utils\memory_debug.cpp" />
    <ClCompile Include="..\src\utils\timer.cpp" />
    <ClCompile Include="..\src\primitives\hrbf\hrbf_wrapper.cpp" />
    <ClCompile Include="..\src\parsers\endianess.cpp" />
    <ClCompile Include="..\src\parsers\loader_mesh.cpp" />
    <ClCompile Include="..\src\parsers\loader_skel.cpp" />
    <ClCompile Include="..\src\global_datas\globals.cpp" />
    <ClCompile Include="..\src\meshes\vcg_lib\utils_sampling.cpp" />
    <ClCompile Include="..\src\meshes\vcg_lib\vcg_mesh.cpp" />
    <ClCompile Include="..\src\meshes\mesh.cpp" />
    <ClCompile Include="..\src\Interface.cpp" />
    <ClCompile Include="..\src\plugin.cpp" />
    <ClCompile Include="..\src\blending_lib\controller.cpp">
      <Filter>blending_lib</Filter>
    </ClCompile>
    <ClCompile Include="..\src\blending_lib\controller_tools.cpp">
      <Filter>blending_lib</Filter>
    </ClCompile>
    <ClCompile Include="..\src\blending_lib\generator.cpp">
      <Filter>blending_lib</Filter>
    </ClCompile>
    <ClCompile Include="..\src\blending_lib\opening.cpp">
      <Filter>blending_lib</Filter>
    </ClCompile>
    <ClCompile Include="..\src\blending_lib\operators.cpp">
      <Filter>blending_lib</Filter>
    </ClCompile>
    <ClCompile Include="..\src\blending_lib\structs.cpp">
      <Filter>blending_lib</Filter>
    </ClCompile>
  </ItemGroup>
  <ItemGroup>
    <ClInclude Include="..\include\animation\animesh_kers.hpp" />
    <ClInclude Include="..\include\blending_lib\cuda_interface\blending_env.hpp" />
    <ClInclude Include="..\include\blending_lib\cuda_interface\blending_env_tex.hpp" />
    <ClInclude Include="..\include\blending_lib\cuda_interface\blending_env_tex_binding.hpp" />
    <ClInclude Include="..\include\blending_lib\cuda_interface\blending_env_tex_interface.hpp" />
    <ClInclude Include="..\include\blending_lib\cuda_interface\blending_env_type.hpp" />
    <ClInclude Include="..\include\blending_lib\cuda_interface\blending_functions.hpp" />
    <ClInclude Include="..\include\blending_lib\cuda_interface\constants.hpp" />
    <ClInclude Include="..\include\blending_lib\cuda_interface\constants_tex.hpp" />
    <ClInclude Include="..\include\blending_lib\cuda_interface\dyn_operators.hpp" />
    <ClInclude Include="..\include\blending_lib\cuda_interface\n_ary.hpp" />
    <ClInclude Include="..\include\blending_lib\cuda_interface\n_ary_constant_interface.hpp" />
    <ClInclude Include="..\include\blending_lib\cuda_interface\operator3d_cu.hpp" />
    <ClInclude Include="..\include\blending_lib\cuda_interface\uclean.hpp" />
    <ClInclude Include="..\include\blending_lib\cuda_interface\ucommon.hpp" />
    <ClInclude Include="..\include\blending_lib\cuda_interface\ultimate.hpp" />
    <ClInclude Include="..\include\blending_lib\funcs.hpp" />
    <ClInclude Include="..\include\blending_lib\splines.hpp" />
    <ClInclude Include="..\include\blending_lib\tools.hpp" />
    <ClInclude Include="..\include\containers\grid3_cu.hpp" />
    <ClInclude Include="..\include\containers\identifier.hpp" />
    <ClInclude Include="..\include\containers\idx3_cu.hpp" />
    <ClInclude Include="..\include\control\animated_mesh_ctrl.hpp" />
    <ClInclude Include="..\include\control\cuda_ctrl.hpp" />
    <ClInclude Include="..\include\control\debug_ctrl.hpp" />
    <ClInclude Include="..\include\control\operators_ctrl.hpp" />
    <ClInclude Include="..\include\control\skeleton_ctrl.hpp" />
    <ClInclude Include="..\include\global_datas\ad_hoc_hand.hpp" />
    <ClInclude Include="..\include\global_datas\globals.hpp" />
    <ClInclude Include="..\include\global_datas\macros.hpp" />
    <ClInclude Include="..\include\global_datas\operator_use_macros.hpp" />
    <ClInclude Include="..\include\implicit_graphs\skinning\bone_tex.hpp" />
    <ClInclude Include="..\include\implicit_graphs\skinning\grid.hpp" />
    <ClInclude Include="..\include\implicit_graphs\skinning\skeleton_env.hpp" />
    <ClInclude Include="..\include\implicit_graphs\skinning\skeleton_env_evaluator.hpp" />
    <ClInclude Include="..\include\implicit_graphs\skinning\skeleton_env_tex.hpp" />
    <ClInclude Include="..\include\implicit_graphs\skinning\skeleton_env_tex_binding.hpp" />
    <ClInclude Include="..\include\implicit_graphs\skinning\skeleton_env_type.hpp" />
    <ClInclude Include="..\include\implicit_graphs\skinning\tree.hpp" />
    <ClInclude Include="..\include\implicit_graphs\skinning\tree_cu.hpp" />
    <ClInclude Include="..\include\implicit_graphs\skinning\tree_cu_type.hpp" />
    <ClInclude Include="..\include\implicit_graphs\skinning\tree_type.hpp" />
    <ClInclude Include="..\include\maths\bbox.hpp" />
    <ClInclude Include="..\include\maths\cpu_transfo.hpp" />
    <ClInclude Include="..\include\maths\intersections\intersection.hpp" />
    <ClInclude Include="..\include\maths\mat3_cu.hpp" />
    <ClInclude Include="..\include\maths\math_cu.hpp" />
    <ClInclude Include="..\include\maths\point_cu.hpp" />
    <ClInclude Include="..\include\maths\ray_cu.hpp" />
    <ClInclude Include="..\include\maths\transfo.hpp" />
    <ClInclude Include="..\include\maths\trs.hpp" />
    <ClInclude Include="..\include\maths\vec2i_cu.hpp" />
    <ClInclude Include="..\include\maths\vec2_cu.hpp" />
    <ClInclude Include="..\include\maths\vec3i_cu.hpp" />
    <ClInclude Include="..\include\maths\vec3_cu.hpp" />
    <ClInclude Include="..\include\meshes\mesh.hpp" />
    <ClInclude Include="..\include\meshes\vcg_lib\utils_sampling.hpp" />
    <ClInclude Include="..\include\meshes\vcg_lib\vcg_mesh.hpp" />
    <ClInclude Include="..\include\parsers\endianess.hpp" />
    <ClInclude Include="..\include\parsers\loader_mesh.hpp" />
    <ClInclude Include="..\include\parsers\loader_skel.hpp" />
    <ClInclude Include="..\include\primitives\distance_field.hpp" />
    <ClInclude Include="..\include\primitives\hermiteRBF.hpp" />
    <ClInclude Include="..\include\primitives\hrbf\hrbf_core.hpp" />
    <ClInclude Include="..\include\primitives\hrbf\hrbf_data.hpp" />
    <ClInclude Include="..\include\primitives\hrbf\hrbf_env.hpp" />
    <ClInclude Include="..\include\primitives\hrbf\hrbf_env_interface.hpp" />
    <ClInclude Include="..\include\primitives\hrbf\hrbf_env_tex.hpp" />
    <ClInclude Include="..\include\primitives\hrbf\hrbf_env_tex_binding.hpp" />
    <ClInclude Include="..\include\primitives\hrbf\hrbf_kernels.hpp" />
    <ClInclude Include="..\include\primitives\hrbf\hrbf_phi_funcs.hpp" />
    <ClInclude Include="..\include\primitives\hrbf\hrbf_setup.hpp" />
    <ClInclude Include="..\include\primitives\hrbf\hrbf_wrapper.hpp" />
    <ClInclude Include="..\include\primitives\plane.hpp" />
    <ClInclude Include="..\include\primitives\precomputed_prim\precomputed_prim_constants.hpp" />
    <ClInclude Include="..\include\primitives\precomputed_prim\precomputed_prim_env.hpp" />
    <ClInclude Include="..\include\primitives\precomputed_prim\precomputed_prim_env_binding.hpp" />
    <ClInclude Include="..\include\primitives\precomputed_prim\precomputed_prim_kernels.hpp" />
    <ClInclude Include="..\include\primitives\precomputed_prim\precomputed_prim_tex.hpp" />
    <ClInclude Include="..\include\primitives\precomputed_prim.hpp" />
    <ClInclude Include="..\include\rendering\cuda_main_kernels.hpp" />
    <ClInclude Include="..\include\rendering\scene_enum.hpp" />
    <ClInclude Include="..\include\utils\assert_utils.hpp" />
    <ClInclude Include="..\include\utils\class_saver.hpp" />
    <ClInclude Include="..\include\utils\conversions.hpp" />
    <ClInclude Include="..\include\utils\cuda_utils\cuda_compiler_interop.hpp" />
    <ClInclude Include="..\include\utils\cuda_utils\cuda_current_device.hpp" />
    <ClInclude Include="..\include\utils\cuda_utils\cuda_utils.hpp" />
    <ClInclude Include="..\include\utils\cuda_utils\cuda_utils_common.hpp" />
    <ClInclude Include="..\include\utils\cuda_utils\cuda_utils_device_array.hpp" />
    <ClInclude Include="..\include\utils\cuda_utils\cuda_utils_device_elt.hpp" />
    <ClInclude Include="..\include\utils\cuda_utils\cuda_utils_host_array.hpp" />
    <ClInclude Include="..\include\utils\cuda_utils\cuda_utils_thrust.hpp" />
    <ClInclude Include="..\include\utils\cuda_utils\memory_debug.hpp" />
    <ClInclude Include="..\include\utils\quick_sort.hpp" />
    <ClInclude Include="..\include\utils\std_utils.hpp" />
    <ClInclude Include="..\include\utils\timer.hpp" />
    <ClInclude Include="..\src\animation\bone.hpp">
      <Filter>animation</Filter>
    </ClInclude>
    <ClInclude Include="..\src\animation\bone_type.hpp">
      <Filter>animation</Filter>
    </ClInclude>
    <ClInclude Include="..\src\animation\joint_type.hpp">
      <Filter>animation</Filter>
    </ClInclude>
    <ClInclude Include="..\src\animation\skeleton.hpp">
      <Filter>animation</Filter>
    </ClInclude>
    <ClInclude Include="..\src\animation\animesh.hpp">
      <Filter>animation</Filter>
    </ClInclude>
    <ClInclude Include="..\src\animation\animesh_enum.hpp">
      <Filter>animation</Filter>
    </ClInclude>
    <ClInclude Include="..\src\animation\animesh_kers.hpp">
      <Filter>animation</Filter>
    </ClInclude>
    <ClInclude Include="..\src\animation\animesh_potential.hpp">
      <Filter>animation</Filter>
    </ClInclude>
    <ClInclude Include="..\include\blending_lib\controller.hpp">
      <Filter>blending_lib</Filter>
    </ClInclude>
    <ClInclude Include="..\include\blending_lib\controller_tools.hpp">
      <Filter>blending_lib</Filter>
    </ClInclude>
    <ClInclude Include="..\include\blending_lib\generator.hpp">
      <Filter>blending_lib</Filter>
    </ClInclude>
    <ClInclude Include="..\include\blending_lib\opening.hpp">
      <Filter>blending_lib</Filter>
    </ClInclude>
    <ClInclude Include="..\include\blending_lib\operators.hpp">
      <Filter>blending_lib</Filter>
    </ClInclude>
    <ClInclude Include="..\include\blending_lib\structs.hpp">
      <Filter>blending_lib</Filter>
    </ClInclude>
  </ItemGroup>
  <ItemGroup>
    <Filter Include="CUDA">
      <UniqueIdentifier>{165C56EF-0431-43BE-9DD1-763C6C9EDFD4}</UniqueIdentifier>
    </Filter>
    <Filter Include="animation">
      <UniqueIdentifier>{f656587d-1d32-4b67-9521-fe924730f005}</UniqueIdentifier>
    </Filter>
    <Filter Include="blending_lib">
      <UniqueIdentifier>{23f1ff70-b3e7-485c-8a95-5fc07371dfaf}</UniqueIdentifier>
    </Filter>
  </ItemGroup>
  <ItemGroup>
    <CudaCompile Include="..\src\blending_lib\cuda_interface\blending_env.cu" />
    <CudaCompile Include="..\src\blending_lib\cuda_interface\constants.cu" />
    <CudaCompile Include="..\src\control\animated_mesh_ctrl.cu" />
    <CudaCompile Include="..\src\control\cuda_ctrl.cu" />
    <CudaCompile Include="..\src\control\operators_ctrl.cu" />
    <CudaCompile Include="..\src\control\skeleton_ctrl.cu" />
    <CudaCompile Include="..\src\utils\cuda_utils\cuda_current_device.cu" />
    <CudaCompile Include="..\src\utils\cuda_utils\cuda_utils.cu" />
    <CudaCompile Include="..\src\primitives\precomputed_prim\precomputed_prim_env.cu" />
    <CudaCompile Include="..\src\primitives\precomputed_prim\precomputed_prim_kernels.cu" />
    <CudaCompile Include="..\src\primitives\hrbf\hrbf_env.cu" />
    <CudaCompile Include="..\src\primitives\hrbf\hrbf_kernels.cu" />
    <CudaCompile Include="..\src\implicit_graphs\skinning\skeleton_env.cu" />
    <CudaCompile Include="..\src\primitives\distance_field.cu" />
    <CudaCompile Include="..\src\rendering\cuda_main_kernels.cu" />
    <CudaCompile Include="..\src\animation\animesh.cu">
      <Filter>animation</Filter>
    </CudaCompile>
    <CudaCompile Include="..\src\animation\animesh_hrbf_heuristic.cu">
      <Filter>animation</Filter>
    </CudaCompile>
    <CudaCompile Include="..\src\animation\animesh_kers.cu">
      <Filter>animation</Filter>
    </CudaCompile>
    <CudaCompile Include="..\src\animation\animesh_projection.cu">
      <Filter>animation</Filter>
    </CudaCompile>
    <CudaCompile Include="..\src\animation\bone.cu">
      <Filter>animation</Filter>
    </CudaCompile>
    <CudaCompile Include="..\src\animation\skeleton.cu">
      <Filter>animation</Filter>
    </CudaCompile>
  </ItemGroup>
  <ItemGroup>
    <None Include="..\src\blending_lib\opening.inl">
      <Filter>blending_lib</Filter>
    </None>
    <None Include="..\src\blending_lib\splines.inl">
      <Filter>blending_lib</Filter>
    </None>
  </ItemGroup>
</Project>